
Microsoft Visual Studio Solution File, Format Version 12.00
# Visual Studio Version 17
VisualStudioVersion = 17.5.33424.131
MinimumVisualStudioVersion = 10.0.40219.1
Project("{FAE04EC0-301F-11D3-BF4B-00C04F79EFBC}") = "APIWKM", "APIWKM\APIWKM.csproj", "{71C72031-5929-4CF2-A282-E3452AA75962}"
EndProject
Project("{FAE04EC0-301F-11D3-BF4B-00C04F79EFBC}") = "API.Data", "API.data\API.Data.csproj", "{30A4AAD2-4CC3-4ACF-90A1-15B48964942E}"
EndProject
Project("{FAE04EC0-301F-11D3-BF4B-00C04F79EFBC}") = "API.Model", "API.model\API.Model.csproj", "{CDBB1750-A1E7-4C43-AABB-02C1B7AFD4D7}"
EndProject
Global
	GlobalSection(SolutionConfigurationPlatforms) = preSolution
		Debug|Any CPU = Debug|Any CPU
		Release|Any CPU = Release|Any CPU
	EndGlobalSection
	GlobalSection(ProjectConfigurationPlatforms) = postSolution
		{71C72031-5929-4CF2-A282-E3452AA75962}.Debug|Any CPU.ActiveCfg = Debug|Any CPU
		{71C72031-5929-4CF2-A282-E3452AA75962}.Debug|Any CPU.Build.0 = Debug|Any CPU
		{71C72031-5929-4CF2-A282-E3452AA75962}.Release|Any CPU.ActiveCfg = Release|Any CPU
		{71C72031-5929-4CF2-A282-E3452AA75962}.Release|Any CPU.Build.0 = Release|Any CPU
		{30A4AAD2-4CC3-4ACF-90A1-15B48964942E}.Debug|Any CPU.ActiveCfg = Debug|Any CPU
		{30A4AAD2-4CC3-4ACF-90A1-15B48964942E}.Debug|Any CPU.Build.0 = Debug|Any CPU
		{30A4AAD2-4CC3-4ACF-90A1-15B48964942E}.Release|Any CPU.ActiveCfg = Release|Any CPU
		{30A4AAD2-4CC3-4ACF-90A1-15B48964942E}.Release|Any CPU.Build.0 = Release|Any CPU
		{CDBB1750-A1E7-4C43-AABB-02C1B7AFD4D7}.Debug|Any CPU.ActiveCfg = Debug|Any CPU
		{CDBB1750-A1E7-4C43-AABB-02C1B7AFD4D7}.Debug|Any CPU.Build.0 = Debug|Any CPU
		{CDBB1750-A1E7-4C43-AABB-02C1B7AFD4D7}.Release|Any CPU.ActiveCfg = Release|Any CPU
		{CDBB1750-A1E7-4C43-AABB-02C1B7AFD4D7}.Release|Any CPU.Build.0 = Release|Any CPU
	EndGlobalSection
	GlobalSection(SolutionProperties) = preSolution
		HideSolutionNode = FALSE
	EndGlobalSection
	GlobalSection(ExtensibilityGlobals) = postSolution
		SolutionGuid = {CBEBF447-19BA-4E38-B2BB-98D0481C0CF7}
	EndGlobalSection
EndGlobal
